// !$*UTF8*$!
{
	archiveVersion = 1;
	classes = {
	};
	objectVersion = 77;
	objects = {

/* Begin PBXBuildFile section */
		4123F1442ED34E6E00E0DF2D /* MetaWear in Frameworks */ = {isa = PBXBuildFile; productRef = 4123F1432ED34E6E00E0DF2D /* MetaWear */; };
		4123F1462ED34E6E00E0DF2D /* MetaWearCpp in Frameworks */ = {isa = PBXBuildFile; productRef = 4123F1452ED34E6E00E0DF2D /* MetaWearCpp */; };
		4123F1482ED34E6E00E0DF2D /* MetaWearFirmware in Frameworks */ = {isa = PBXBuildFile; productRef = 4123F1472ED34E6E00E0DF2D /* MetaWearFirmware */; };
		4123F14A2ED34E6E00E0DF2D /* MetaWearSync in Frameworks */ = {isa = PBXBuildFile; productRef = 4123F1492ED34E6E00E0DF2D /* MetaWearSync */; };
/* End PBXBuildFile section */

/* Begin PBXContainerItemProxy section */
		4123F1062ED34BAE00E0DF2D /* PBXContainerItemProxy */ = {
			isa = PBXContainerItemProxy;
			containerPortal = 4123F0E92ED34BAE00E0DF2D /* Project object */;
			proxyType = 1;
			remoteGlobalIDString = 4123F0F02ED34BAE00E0DF2D;
			remoteInfo = "Kettlebell Force";
		};
		4123F1102ED34BAE00E0DF2D /* PBXContainerItemProxy */ = {
			isa = PBXContainerItemProxy;
			containerPortal = 4123F0E92ED34BAE00E0DF2D /* Project object */;
			proxyType = 1;
			remoteGlobalIDString = 4123F0F02ED34BAE00E0DF2D;
			remoteInfo = "Kettlebell Force";
		};
/* End PBXContainerItemProxy section */

/* Begin PBXFileReference section */
		4123F0F12ED34BAE00E0DF2D /* Kettlebell Force.app */ = {isa = PBXFileReference; explicitFileType = wrapper.application; includeInIndex = 0; path = "Kettlebell Force.app"; sourceTree = BUILT_PRODUCTS_DIR; };
		4123F1052ED34BAE00E0DF2D /* Kettlebell ForceTests.xctest */ = {isa = PBXFileReference; explicitFileType = wrapper.cfbundle; includeInIndex = 0; path = "Kettlebell ForceTests.xctest"; sourceTree = BUILT_PRODUCTS_DIR; };
		4123F10F2ED34BAE00E0DF2D /* Kettlebell ForceUITests.xctest */ = {isa = PBXFileReference; explicitFileType = wrapper.cfbundle; includeInIndex = 0; path = "Kettlebell ForceUITests.xctest"; sourceTree = BUILT_PRODUCTS_DIR; };
/* End PBXFileReference section */

/* Begin PBXFileSystemSynchronizedBuildFileExceptionSet section */
		4123F1172ED34BAE00E0DF2D /* Exceptions for "Kettlebell Force" folder in "Kettlebell Force" target */ = {
			isa = PBXFileSystemSynchronizedBuildFileExceptionSet;
			membershipExceptions = (
				Info.plist,
			);
			target = 4123F0F02ED34BAE00E0DF2D /* Kettlebell Force */;
		};
/* End PBXFileSystemSynchronizedBuildFileExceptionSet section */

/* Begin PBXFileSystemSynchronizedRootGroup section */
		4123F0F32ED34BAE00E0DF2D /* Kettlebell Force */ = {
			isa = PBXFileSystemSynchronizedRootGroup;
			exceptions = (
				4123F1172ED34BAE00E0DF2D /* Exceptions for "Kettlebell Force" folder in "Kettlebell Force" target */,
			);
			path = "Kettlebell Force";
			sourceTree = "<group>";
		};
		4123F1082ED34BAE00E0DF2D /* Kettlebell ForceTests */ = {
			isa = PBXFileSystemSynchronizedRootGroup;
			path = "Kettlebell ForceTests";
			sourceTree = "<group>";
		};
		4123F1122ED34BAE00E0DF2D /* Kettlebell ForceUITests */ = {
			isa = PBXFileSystemSynchronizedRootGroup;
			path = "Kettlebell ForceUITests";
			sourceTree = "<group>";
		};
/* End PBXFileSystemSynchronizedRootGroup section */

/* Begin PBXFrameworksBuildPhase section */
		4123F0EE2ED34BAE00E0DF2D /* Frameworks */ = {
			isa = PBXFrameworksBuildPhase;
			buildActionMask = 2147483647;
			files = (
				4123F1462ED34E6E00E0DF2D /* MetaWearCpp in Frameworks */,
				4123F1442ED34E6E00E0DF2D /* MetaWear in Frameworks */,
				4123F1482ED34E6E00E0DF2D /* MetaWearFirmware in Frameworks */,
				4123F14A2ED34E6E00E0DF2D /* MetaWearSync in Frameworks */,
			);
			runOnlyForDeploymentPostprocessing = 0;
		};
		4123F1022ED34BAE00E0DF2D /* Frameworks */ = {
			isa = PBXFrameworksBuildPhase;
			buildActionMask = 2147483647;
			files = (
			);
			runOnlyForDeploymentPostprocessing = 0;
		};
		4123F10C2ED34BAE00E0DF2D /* Frameworks */ = {
			isa = PBXFrameworksBuildPhase;
			buildActionMask = 2147483647;
			files = (
			);
			runOnlyForDeploymentPostprocessing = 0;
		};
/* End PBXFrameworksBuildPhase section */

/* Begin PBXGroup section */
		4123F0E82ED34BAE00E0DF2D = {
			isa = PBXGroup;
			children = (
				4123F0F32ED34BAE00E0DF2D /* Kettlebell Force */,
				4123F1082ED34BAE00E0DF2D /* Kettlebell ForceTests */,
				4123F1122ED34BAE00E0DF2D /* Kettlebell ForceUITests */,
				4123F0F22ED34BAE00E0DF2D /* Products */,
			);
			sourceTree = "<group>";
		};
		4123F0F22ED34BAE00E0DF2D /* Products */ = {
			isa = PBXGroup;
			children = (
				4123F0F12ED34BAE00E0DF2D /* Kettlebell Force.app */,
				4123F1052ED34BAE00E0DF2D /* Kettlebell ForceTests.xctest */,
				4123F10F2ED34BAE00E0DF2D /* Kettlebell ForceUITests.xctest */,
			);
			name = Products;
			sourceTree = "<group>";
		};
/* End PBXGroup section */

/* Begin PBXNativeTarget section */
		4123F0F02ED34BAE00E0DF2D /* Kettlebell Force */ = {
			isa = PBXNativeTarget;
			buildConfigurationList = 4123F1182ED34BAE00E0DF2D /* Build configuration list for PBXNativeTarget "Kettlebell Force" */;
			buildPhases = (
				4123F0ED2ED34BAE00E0DF2D /* Sources */,
				4123F0EE2ED34BAE00E0DF2D /* Frameworks */,
				4123F0EF2ED34BAE00E0DF2D /* Resources */,
			);
			buildRules = (
			);
			dependencies = (
			);
			fileSystemSynchronizedGroups = (
				4123F0F32ED34BAE00E0DF2D /* Kettlebell Force */,
			);
			name = "Kettlebell Force";
			packageProductDependencies = (
				4123F1432ED34E6E00E0DF2D /* MetaWear */,
				4123F1452ED34E6E00E0DF2D /* MetaWearCpp */,
				4123F1472ED34E6E00E0DF2D /* MetaWearFirmware */,
				4123F1492ED34E6E00E0DF2D /* MetaWearSync */,
			);
			productName = "Kettlebell Force";
			productReference = 4123F0F12ED34BAE00E0DF2D /* Kettlebell Force.app */;
			productType = "com.apple.product-type.application";
		};
		4123F1042ED34BAE00E0DF2D /* Kettlebell ForceTests */ = {
			isa = PBXNativeTarget;
			buildConfigurationList = 4123F11D2ED34BAE00E0DF2D /* Build configuration list for PBXNativeTarget "Kettlebell ForceTests" */;
			buildPhases = (
				4123F1012ED34BAE00E0DF2D /* Sources */,
				4123F1022ED34BAE00E0DF2D /* Frameworks */,
				4123F1032ED34BAE00E0DF2D /* Resources */,
			);
			buildRules = (
			);
			dependencies = (
				4123F1072ED34BAE00E0DF2D /* PBXTargetDependency */,
			);
			fileSystemSynchronizedGroups = (
				4123F1082ED34BAE00E0DF2D /* Kettlebell ForceTests */,
			);
			name = "Kettlebell ForceTests";
			packageProductDependencies = (
			);
			productName = "Kettlebell ForceTests";
			productReference = 4123F1052ED34BAE00E0DF2D /* Kettlebell ForceTests.xctest */;
			productType = "com.apple.product-type.bundle.unit-test";
		};
		4123F10E2ED34BAE00E0DF2D /* Kettlebell ForceUITests */ = {
			isa = PBXNativeTarget;
			buildConfigurationList = 4123F1202ED34BAE00E0DF2D /* Build configuration list for PBXNativeTarget "Kettlebell ForceUITests" */;
			buildPhases = (
				4123F10B2ED34BAE00E0DF2D /* Sources */,
				4123F10C2ED34BAE00E0DF2D /* Frameworks */,
				4123F10D2ED34BAE00E0DF2D /* Resources */,
			);
			buildRules = (
			);
			dependencies = (
				4123F1112ED34BAE00E0DF2D /* PBXTargetDependency */,
			);
			fileSystemSynchronizedGroups = (
				4123F1122ED34BAE00E0DF2D /* Kettlebell ForceUITests */,
			);
			name = "Kettlebell ForceUITests";
			packageProductDependencies = (
			);
			productName = "Kettlebell ForceUITests";
			productReference = 4123F10F2ED34BAE00E0DF2D /* Kettlebell ForceUITests.xctest */;
			productType = "com.apple.product-type.bundle.ui-testing";
		};
/* End PBXNativeTarget section */

/* Begin PBXProject section */
		4123F0E92ED34BAE00E0DF2D /* Project object */ = {
			isa = PBXProject;
			attributes = {
				BuildIndependentTargetsInParallel = 1;
				LastSwiftUpdateCheck = 2610;
				LastUpgradeCheck = 2610;
				TargetAttributes = {
					4123F0F02ED34BAE00E0DF2D = {
						CreatedOnToolsVersion = 26.1;
					};
					4123F1042ED34BAE00E0DF2D = {
						CreatedOnToolsVersion = 26.1;
						TestTargetID = 4123F0F02ED34BAE00E0DF2D;
					};
					4123F10E2ED34BAE00E0DF2D = {
						CreatedOnToolsVersion = 26.1;
						TestTargetID = 4123F0F02ED34BAE00E0DF2D;
					};
				};
			};
			buildConfigurationList = 4123F0EC2ED34BAE00E0DF2D /* Build configuration list for PBXProject "Kettlebell Force" */;
			developmentRegion = en;
			hasScannedForEncodings = 0;
			knownRegions = (
				en,
				Base,
			);
			mainGroup = 4123F0E82ED34BAE00E0DF2D;
			minimizedProjectReferenceProxies = 1;
			packageReferences = (
				4123F1422ED34E6E00E0DF2D /* XCRemoteSwiftPackageReference "MetaWear-Swift-Combine-SDK" */,
			);
			preferredProjectObjectVersion = 77;
			productRefGroup = 4123F0F22ED34BAE00E0DF2D /* Products */;
			projectDirPath = "";
			projectRoot = "";
			targets = (
				4123F0F02ED34BAE00E0DF2D /* Kettlebell Force */,
				4123F1042ED34BAE00E0DF2D /* Kettlebell ForceTests */,
				4123F10E2ED34BAE00E0DF2D /* Kettlebell ForceUITests */,
			);
		};
/* End PBXProject section */

/* Begin PBXResourcesBuildPhase section */
		4123F0EF2ED34BAE00E0DF2D /* Resources */ = {
			isa = PBXResourcesBuildPhase;
			buildActionMask = 2147483647;
			files = (
			);
			runOnlyForDeploymentPostprocessing = 0;
		};
		4123F1032ED34BAE00E0DF2D /* Resources */ = {
			isa = PBXResourcesBuildPhase;
			buildActionMask = 2147483647;
			files = (
			);
			runOnlyForDeploymentPostprocessing = 0;
		};
		4123F10D2ED34BAE00E0DF2D /* Resources */ = {
			isa = PBXResourcesBuildPhase;
			buildActionMask = 2147483647;
			files = (
			);
			runOnlyForDeploymentPostprocessing = 0;
		};
/* End PBXResourcesBuildPhase section */

/* Begin PBXSourcesBuildPhase section */
		4123F0ED2ED34BAE00E0DF2D /* Sources */ = {
			isa = PBXSourcesBuildPhase;
			buildActionMask = 2147483647;
			files = (
			);
			runOnlyForDeploymentPostprocessing = 0;
		};
		4123F1012ED34BAE00E0DF2D /* Sources */ = {
			isa = PBXSourcesBuildPhase;
			buildActionMask = 2147483647;
			files = (
			);
			runOnlyForDeploymentPostprocessing = 0;
		};
		4123F10B2ED34BAE00E0DF2D /* Sources */ = {
			isa = PBXSourcesBuildPhase;
			buildActionMask = 2147483647;
			files = (
			);
			runOnlyForDeploymentPostprocessing = 0;
		};
/* End PBXSourcesBuildPhase section */

/* Begin PBXTargetDependency section */
		4123F1072ED34BAE00E0DF2D /* PBXTargetDependency */ = {
			isa = PBXTargetDependency;
			target = 4123F0F02ED34BAE00E0DF2D /* Kettlebell Force */;
			targetProxy = 4123F1062ED34BAE00E0DF2D /* PBXContainerItemProxy */;
		};
		4123F1112ED34BAE00E0DF2D /* PBXTargetDependency */ = {
			isa = PBXTargetDependency;
			target = 4123F0F02ED34BAE00E0DF2D /* Kettlebell Force */;
			targetProxy = 4123F1102ED34BAE00E0DF2D /* PBXContainerItemProxy */;
		};
/* End PBXTargetDependency section */

/* Begin XCBuildConfiguration section */
		4123F1192ED34BAE00E0DF2D /* Debug */ = {
			isa = XCBuildConfiguration;
			buildSettings = {
				ASSETCATALOG_COMPILER_APPICON_NAME = AppIcon;
				ASSETCATALOG_COMPILER_GLOBAL_ACCENT_COLOR_NAME = AccentColor;
				CODE_SIGN_ENTITLEMENTS = "Kettlebell Force/Kettlebell_Force.entitlements";
				CODE_SIGN_STYLE = Automatic;
				CURRENT_PROJECT_VERSION = 1;
				DEVELOPMENT_TEAM = 5HW85B6746;
				ENABLE_PREVIEWS = YES;
				GENERATE_INFOPLIST_FILE = YES;
				INFOPLIST_FILE = "Kettlebell Force/Info.plist";
				INFOPLIST_KEY_UIApplicationSceneManifest_Generation = YES;
				INFOPLIST_KEY_UIApplicationSupportsIndirectInputEvents = YES;
				INFOPLIST_KEY_UILaunchScreen_Generation = YES;
				INFOPLIST_KEY_UISupportedInterfaceOrientations_iPad = "UIInterfaceOrientationPortrait UIInterfaceOrientationPortraitUpsideDown UIInterfaceOrientationLandscapeLeft UIInterfaceOrientationLandscapeRight";
				INFOPLIST_KEY_UISupportedInterfaceOrientations_iPhone = "UIInterfaceOrientationPortrait UIInterfaceOrientationLandscapeLeft UIInterfaceOrientationLandscapeRight";
				LD_RUNPATH_SEARCH_PATHS = (
					"$(inherited)",
					"@executable_path/Frameworks",
				);
				MARKETING_VERSION = 1.0;
				PRODUCT_BUNDLE_IDENTIFIER = "kvamme.Kettlebell-Force";
				PRODUCT_NAME = "$(TARGET_NAME)";
				STRING_CATALOG_GENERATE_SYMBOLS = YES;
				SWIFT_APPROACHABLE_CONCURRENCY = YES;
				SWIFT_DEFAULT_ACTOR_ISOLATION = MainActor;
				SWIFT_EMIT_LOC_STRINGS = YES;
				SWIFT_UPCOMING_FEATURE_MEMBER_IMPORT_VISIBILITY = YES;
				SWIFT_VERSION = 5.0;
				TARGETED_DEVICE_FAMILY = "1,2";
			};
			name = Debug;
		};
		4123F11A2ED34BAE00E0DF2D /* Release */ = {
			isa = XCBuildConfiguration;
			buildSettings = {
				ASSETCATALOG_COMPILER_APPICON_NAME = AppIcon;
				ASSETCATALOG_COMPILER_GLOBAL_ACCENT_COLOR_NAME = AccentColor;
				CODE_SIGN_ENTITLEMENTS = "Kettlebell Force/Kettlebell_Force.entitlements";
				CODE_SIGN_STYLE = Automatic;
				CURRENT_PROJECT_VERSION = 1;
				DEVELOPMENT_TEAM = 5HW85B6746;
				ENABLE_PREVIEWS = YES;
				GENERATE_INFOPLIST_FILE = YES;
				INFOPLIST_FILE = "Kettlebell Force/Info.plist";
				INFOPLIST_KEY_UIApplicationSceneManifest_Generation = YES;
				INFOPLIST_KEY_UIApplicationSupportsIndirectInputEvents = YES;
				INFOPLIST_KEY_UILaunchScreen_Generation = YES;
				INFOPLIST_KEY_UISupportedInterfaceOrientations_iPad = "UIInterfaceOrientationPortrait UIInterfaceOrientationPortraitUpsideDown UIInterfaceOrientationLandscapeLeft UIInterfaceOrientationLandscapeRight";
				INFOPLIST_KEY_UISupportedInterfaceOrientations_iPhone = "UIInterfaceOrientationPortrait UIInterfaceOrientationLandscapeLeft UIInterfaceOrientationLandscapeRight";
				LD_RUNPATH_SEARCH_PATHS = (
					"$(inherited)",
					"@executable_path/Frameworks",
				);
				MARKETING_VERSION = 1.0;
				PRODUCT_BUNDLE_IDENTIFIER = "kvamme.Kettlebell-Force";
				PRODUCT_NAME = "$(TARGET_NAME)";
				STRING_CATALOG_GENERATE_SYMBOLS = YES;
				SWIFT_APPROACHABLE_CONCURRENCY = YES;
				SWIFT_DEFAULT_ACTOR_ISOLATION = MainActor;
				SWIFT_EMIT_LOC_STRINGS = YES;
				SWIFT_UPCOMING_FEATURE_MEMBER_IMPORT_VISIBILITY = YES;
				SWIFT_VERSION = 5.0;
				TARGETED_DEVICE_FAMILY = "1,2";
			};
			name = Release;
		};
		4123F11B2ED34BAE00E0DF2D /* Debug */ = {
			isa = XCBuildConfiguration;
			buildSettings = {
				ALWAYS_SEARCH_USER_PATHS = NO;
				ASSETCATALOG_COMPILER_GENERATE_SWIFT_ASSET_SYMBOL_EXTENSIONS = YES;
				CLANG_ANALYZER_NONNULL = YES;
				CLANG_ANALYZER_NUMBER_OBJECT_CONVERSION = YES_AGGRESSIVE;
				CLANG_CXX_LANGUAGE_STANDARD = "gnu++20";
				CLANG_ENABLE_MODULES = YES;
				CLANG_ENABLE_OBJC_ARC = YES;
				CLANG_ENABLE_OBJC_WEAK = YES;
				CLANG_WARN_BLOCK_CAPTURE_AUTORELEASING = YES;
				CLANG_WARN_BOOL_CONVERSION = YES;
				CLANG_WARN_COMMA = YES;
				CLANG_WARN_CONSTANT_CONVERSION = YES;
				CLANG_WARN_DEPRECATED_OBJC_IMPLEMENTATIONS = YES;
				CLANG_WARN_DIRECT_OBJC_ISA_USAGE = YES_ERROR;
				CLANG_WARN_DOCUMENTATION_COMMENTS = YES;
				CLANG_WARN_EMPTY_BODY = YES;
				CLANG_WARN_ENUM_CONVERSION = YES;
				CLANG_WARN_INFINITE_RECURSION = YES;
				CLANG_WARN_INT_CONVERSION = YES;
				CLANG_WARN_NON_LITERAL_NULL_CONVERSION = YES;
				CLANG_WARN_OBJC_IMPLICIT_RETAIN_SELF = YES;
				CLANG_WARN_OBJC_LITERAL_CONVERSION = YES;
				CLANG_WARN_OBJC_ROOT_CLASS = YES_ERROR;
				CLANG_WARN_QUOTED_INCLUDE_IN_FRAMEWORK_HEADER = YES;
				CLANG_WARN_RANGE_LOOP_ANALYSIS = YES;
				CLANG_WARN_STRICT_PROTOTYPES = YES;
				CLANG_WARN_SUSPICIOUS_MOVE = YES;
				CLANG_WARN_UNGUARDED_AVAILABILITY = YES_AGGRESSIVE;
				CLANG_WARN_UNREACHABLE_CODE = YES;
				CLANG_WARN__DUPLICATE_METHOD_MATCH = YES;
				COPY_PHASE_STRIP = NO;
				DEBUG_INFORMATION_FORMAT = dwarf;
				DEVELOPMENT_TEAM = 5HW85B6746;
				ENABLE_STRICT_OBJC_MSGSEND = YES;
				ENABLE_TESTABILITY = YES;
				ENABLE_USER_SCRIPT_SANDBOXING = YES;
				GCC_C_LANGUAGE_STANDARD = gnu17;
				GCC_DYNAMIC_NO_PIC = NO;
				GCC_NO_COMMON_BLOCKS = YES;
				GCC_OPTIMIZATION_LEVEL = 0;
				GCC_PREPROCESSOR_DEFINITIONS = (
					"DEBUG=1",
					"$(inherited)",
				);
				GCC_WARN_64_TO_32_BIT_CONVERSION = YES;
				GCC_WARN_ABOUT_RETURN_TYPE = YES_ERROR;
				GCC_WARN_UNDECLARED_SELECTOR = YES;
				GCC_WARN_UNINITIALIZED_AUTOS = YES_AGGRESSIVE;
				GCC_WARN_UNUSED_FUNCTION = YES;
				GCC_WARN_UNUSED_VARIABLE = YES;
				IPHONEOS_DEPLOYMENT_TARGET = 26.1;
				LOCALIZATION_PREFERS_STRING_CATALOGS = YES;
				MTL_ENABLE_DEBUG_INFO = INCLUDE_SOURCE;
				MTL_FAST_MATH = YES;
				ONLY_ACTIVE_ARCH = YES;
				SDKROOT = iphoneos;
				SWIFT_ACTIVE_COMPILATION_CONDITIONS = "DEBUG $(inherited)";
				SWIFT_OPTIMIZATION_LEVEL = "-Onone";
			};
			name = Debug;
		};
		4123F11C2ED34BAE00E0DF2D /* Release */ = {
			isa = XCBuildConfiguration;
			buildSettings = {
				ALWAYS_SEARCH_USER_PATHS = NO;
				ASSETCATALOG_COMPILER_GENERATE_SWIFT_ASSET_SYMBOL_EXTENSIONS = YES;
				CLANG_ANALYZER_NONNULL = YES;
				CLANG_ANALYZER_NUMBER_OBJECT_CONVERSION = YES_AGGRESSIVE;
				CLANG_CXX_LANGUAGE_STANDARD = "gnu++20";
				CLANG_ENABLE_MODULES = YES;
				CLANG_ENABLE_OBJC_ARC = YES;
				CLANG_ENABLE_OBJC_WEAK = YES;
				CLANG_WARN_BLOCK_CAPTURE_AUTORELEASING = YES;
				CLANG_WARN_BOOL_CONVERSION = YES;
				CLANG_WARN_COMMA = YES;
				CLANG_WARN_CONSTANT_CONVERSION = YES;
				CLANG_WARN_DEPRECATED_OBJC_IMPLEMENTATIONS = YES;
				CLANG_WARN_DIRECT_OBJC_ISA_USAGE = YES_ERROR;
				CLANG_WARN_DOCUMENTATION_COMMENTS = YES;
				CLANG_WARN_EMPTY_BODY = YES;
				CLANG_WARN_ENUM_CONVERSION = YES;
				CLANG_WARN_INFINITE_RECURSION = YES;
				CLANG_WARN_INT_CONVERSION = YES;
				CLANG_WARN_NON_LITERAL_NULL_CONVERSION = YES;
				CLANG_WARN_OBJC_IMPLICIT_RETAIN_SELF = YES;
				CLANG_WARN_OBJC_LITERAL_CONVERSION = YES;
				CLANG_WARN_OBJC_ROOT_CLASS = YES_ERROR;
				CLANG_WARN_QUOTED_INCLUDE_IN_FRAMEWORK_HEADER = YES;
				CLANG_WARN_RANGE_LOOP_ANALYSIS = YES;
				CLANG_WARN_STRICT_PROTOTYPES = YES;
				CLANG_WARN_SUSPICIOUS_MOVE = YES;
				CLANG_WARN_UNGUARDED_AVAILABILITY = YES_AGGRESSIVE;
				CLANG_WARN_UNREACHABLE_CODE = YES;
				CLANG_WARN__DUPLICATE_METHOD_MATCH = YES;
				COPY_PHASE_STRIP = NO;
				DEBUG_INFORMATION_FORMAT = "dwarf-with-dsym";
				DEVELOPMENT_TEAM = 5HW85B6746;
				ENABLE_NS_ASSERTIONS = NO;
				ENABLE_STRICT_OBJC_MSGSEND = YES;
				ENABLE_USER_SCRIPT_SANDBOXING = YES;
				GCC_C_LANGUAGE_STANDARD = gnu17;
				GCC_NO_COMMON_BLOCKS = YES;
				GCC_WARN_64_TO_32_BIT_CONVERSION = YES;
				GCC_WARN_ABOUT_RETURN_TYPE = YES_ERROR;
				GCC_WARN_UNDECLARED_SELECTOR = YES;
				GCC_WARN_UNINITIALIZED_AUTOS = YES_AGGRESSIVE;
				GCC_WARN_UNUSED_FUNCTION = YES;
				GCC_WARN_UNUSED_VARIABLE = YES;
				IPHONEOS_DEPLOYMENT_TARGET = 26.1;
				LOCALIZATION_PREFERS_STRING_CATALOGS = YES;
				MTL_ENABLE_DEBUG_INFO = NO;
				MTL_FAST_MATH = YES;
				SDKROOT = iphoneos;
				SWIFT_COMPILATION_MODE = wholemodule;
				VALIDATE_PRODUCT = YES;
			};
			name = Release;
		};
		4123F11E2ED34BAE00E0DF2D /* Debug */ = {
			isa = XCBuildConfiguration;
			buildSettings = {
				BUNDLE_LOADER = "$(TEST_HOST)";
				CODE_SIGN_STYLE = Automatic;
				CURRENT_PROJECT_VERSION = 1;
				DEVELOPMENT_TEAM = 5HW85B6746;
				GENERATE_INFOPLIST_FILE = YES;
				IPHONEOS_DEPLOYMENT_TARGET = 26.1;
				MARKETING_VERSION = 1.0;
				PRODUCT_BUNDLE_IDENTIFIER = "kvamme.Kettlebell-ForceTests";
				PRODUCT_NAME = "$(TARGET_NAME)";
				STRING_CATALOG_GENERATE_SYMBOLS = NO;
				SWIFT_APPROACHABLE_CONCURRENCY = YES;
				SWIFT_EMIT_LOC_STRINGS = NO;
				SWIFT_UPCOMING_FEATURE_MEMBER_IMPORT_VISIBILITY = YES;
				SWIFT_VERSION = 5.0;
				TARGETED_DEVICE_FAMILY = "1,2";
				TEST_HOST = "$(BUILT_PRODUCTS_DIR)/Kettlebell Force.app/$(BUNDLE_EXECUTABLE_FOLDER_PATH)/Kettlebell Force";
			};
			name = Debug;
		};
		4123F11F2ED34BAE00E0DF2D /* Release */ = {
			isa = XCBuildConfiguration;
			buildSettings = {
				BUNDLE_LOADER = "$(TEST_HOST)";
				CODE_SIGN_STYLE = Automatic;
				CURRENT_PROJECT_VERSION = 1;
				DEVELOPMENT_TEAM = 5HW85B6746;
				GENERATE_INFOPLIST_FILE = YES;
				IPHONEOS_DEPLOYMENT_TARGET = 26.1;
				MARKETING_VERSION = 1.0;
				PRODUCT_BUNDLE_IDENTIFIER = "kvamme.Kettlebell-ForceTests";
				PRODUCT_NAME = "$(TARGET_NAME)";
				STRING_CATALOG_GENERATE_SYMBOLS = NO;
				SWIFT_APPROACHABLE_CONCURRENCY = YES;
				SWIFT_EMIT_LOC_STRINGS = NO;
				SWIFT_UPCOMING_FEATURE_MEMBER_IMPORT_VISIBILITY = YES;
				SWIFT_VERSION = 5.0;
				TARGETED_DEVICE_FAMILY = "1,2";
				TEST_HOST = "$(BUILT_PRODUCTS_DIR)/Kettlebell Force.app/$(BUNDLE_EXECUTABLE_FOLDER_PATH)/Kettlebell Force";
			};
			name = Release;
		};
		4123F1212ED34BAE00E0DF2D /* Debug */ = {
			isa = XCBuildConfiguration;
			buildSettings = {
				CODE_SIGN_STYLE = Automatic;
				CURRENT_PROJECT_VERSION = 1;
				DEVELOPMENT_TEAM = 5HW85B6746;
				GENERATE_INFOPLIST_FILE = YES;
				MARKETING_VERSION = 1.0;
				PRODUCT_BUNDLE_IDENTIFIER = "kvamme.Kettlebell-ForceUITests";
				PRODUCT_NAME = "$(TARGET_NAME)";
				STRING_CATALOG_GENERATE_SYMBOLS = NO;
				SWIFT_APPROACHABLE_CONCURRENCY = YES;
				SWIFT_EMIT_LOC_STRINGS = NO;
				SWIFT_UPCOMING_FEATURE_MEMBER_IMPORT_VISIBILITY = YES;
				SWIFT_VERSION = 5.0;
				TARGETED_DEVICE_FAMILY = "1,2";
				TEST_TARGET_NAME = "Kettlebell Force";
			};
			name = Debug;
		};
		4123F1222ED34BAE00E0DF2D /* Release */ = {
			isa = XCBuildConfiguration;
			buildSettings = {
				CODE_SIGN_STYLE = Automatic;
				CURRENT_PROJECT_VERSION = 1;
				DEVELOPMENT_TEAM = 5HW85B6746;
				GENERATE_INFOPLIST_FILE = YES;
				MARKETING_VERSION = 1.0;
				PRODUCT_BUNDLE_IDENTIFIER = "kvamme.Kettlebell-ForceUITests";
				PRODUCT_NAME = "$(TARGET_NAME)";
				STRING_CATALOG_GENERATE_SYMBOLS = NO;
				SWIFT_APPROACHABLE_CONCURRENCY = YES;
				SWIFT_EMIT_LOC_STRINGS = NO;
				SWIFT_UPCOMING_FEATURE_MEMBER_IMPORT_VISIBILITY = YES;
				SWIFT_VERSION = 5.0;
				TARGETED_DEVICE_FAMILY = "1,2";
				TEST_TARGET_NAME = "Kettlebell Force";
			};
			name = Release;
		};
/* End XCBuildConfiguration section */

/* Begin XCConfigurationList section */
		4123F0EC2ED34BAE00E0DF2D /* Build configuration list for PBXProject "Kettlebell Force" */ = {
			isa = XCConfigurationList;
			buildConfigurations = (
				4123F11B2ED34BAE00E0DF2D /* Debug */,
				4123F11C2ED34BAE00E0DF2D /* Release */,
			);
			defaultConfigurationIsVisible = 0;
			defaultConfigurationName = Release;
		};
		4123F1182ED34BAE00E0DF2D /* Build configuration list for PBXNativeTarget "Kettlebell Force" */ = {
			isa = XCConfigurationList;
			buildConfigurations = (
				4123F1192ED34BAE00E0DF2D /* Debug */,
				4123F11A2ED34BAE00E0DF2D /* Release */,
			);
			defaultConfigurationIsVisible = 0;
			defaultConfigurationName = Release;
		};
		4123F11D2ED34BAE00E0DF2D /* Build configuration list for PBXNativeTarget "Kettlebell ForceTests" */ = {
			isa = XCConfigurationList;
			buildConfigurations = (
				4123F11E2ED34BAE00E0DF2D /* Debug */,
				4123F11F2ED34BAE00E0DF2D /* Release */,
			);
			defaultConfigurationIsVisible = 0;
			defaultConfigurationName = Release;
		};
		4123F1202ED34BAE00E0DF2D /* Build configuration list for PBXNativeTarget "Kettlebell ForceUITests" */ = {
			isa = XCConfigurationList;
			buildConfigurations = (
				4123F1212ED34BAE00E0DF2D /* Debug */,
				4123F1222ED34BAE00E0DF2D /* Release */,
			);
			defaultConfigurationIsVisible = 0;
			defaultConfigurationName = Release;
		};
/* End XCConfigurationList section */

/* Begin XCRemoteSwiftPackageReference section */
		4123F1422ED34E6E00E0DF2D /* XCRemoteSwiftPackageReference "MetaWear-Swift-Combine-SDK" */ = {
			isa = XCRemoteSwiftPackageReference;
			repositoryURL = "https://github.com/mbientlab/MetaWear-Swift-Combine-SDK";
			requirement = {
				kind = upToNextMajorVersion;
				minimumVersion = 0.5.3;
			};
		};
/* End XCRemoteSwiftPackageReference section */

/* Begin XCSwiftPackageProductDependency section */
		4123F1432ED34E6E00E0DF2D /* MetaWear */ = {
			isa = XCSwiftPackageProductDependency;
			package = 4123F1422ED34E6E00E0DF2D /* XCRemoteSwiftPackageReference "MetaWear-Swift-Combine-SDK" */;
			productName = MetaWear;
		};
		4123F1452ED34E6E00E0DF2D /* MetaWearCpp */ = {
			isa = XCSwiftPackageProductDependency;
			package = 4123F1422ED34E6E00E0DF2D /* XCRemoteSwiftPackageReference "MetaWear-Swift-Combine-SDK" */;
			productName = MetaWearCpp;
		};
		4123F1472ED34E6E00E0DF2D /* MetaWearFirmware */ = {
			isa = XCSwiftPackageProductDependency;
			package = 4123F1422ED34E6E00E0DF2D /* XCRemoteSwiftPackageReference "MetaWear-Swift-Combine-SDK" */;
			productName = MetaWearFirmware;
		};
		4123F1492ED34E6E00E0DF2D /* MetaWearSync */ = {
			isa = XCSwiftPackageProductDependency;
			package = 4123F1422ED34E6E00E0DF2D /* XCRemoteSwiftPackageReference "MetaWear-Swift-Combine-SDK" */;
			productName = MetaWearSync;
		};
/* End XCSwiftPackageProductDependency section */
	};
	rootObject = 4123F0E92ED34BAE00E0DF2D /* Project object */;
}
